
Microsoft Visual Studio Solution File, Format Version 12.00
# Visual Studio 15
VisualStudioVersion = 15.0.27703.2026
MinimumVisualStudioVersion = 10.0.40219.1
Project("{FAE04EC0-301F-11D3-BF4B-00C04F79EFBC}") = "MVC_DataBase", "MVC_DataBase\MVC_DataBase.csproj", "{0BB53AE0-471D-4A99-B9CE-6AB31102B67D}"
EndProject
Global
	GlobalSection(SolutionConfigurationPlatforms) = preSolution
		Debug|Any CPU = Debug|Any CPU
		Release|Any CPU = Release|Any CPU
	EndGlobalSection
	GlobalSection(ProjectConfigurationPlatforms) = postSolution
		{0BB53AE0-471D-4A99-B9CE-6AB31102B67D}.Debug|Any CPU.ActiveCfg = Debug|Any CPU
		{0BB53AE0-471D-4A99-B9CE-6AB31102B67D}.Debug|Any CPU.Build.0 = Debug|Any CPU
		{0BB53AE0-471D-4A99-B9CE-6AB31102B67D}.Release|Any CPU.ActiveCfg = Release|Any CPU
		{0BB53AE0-471D-4A99-B9CE-6AB31102B67D}.Release|Any CPU.Build.0 = Release|Any CPU
	EndGlobalSection
	GlobalSection(SolutionProperties) = preSolution
		HideSolutionNode = FALSE
	EndGlobalSection
	GlobalSection(ExtensibilityGlobals) = postSolution
		SolutionGuid = {3EAC3ACA-B14E-4E9C-AB0A-155DF99B5154}
	EndGlobalSection
EndGlobal
